// !$*UTF8*$!
{
	archiveVersion = 1;
	classes = {
	};
	objectVersion = 56;
	objects = {

/* Begin PBXBuildFile section */
		A10000001000000000000001 /* MyDiffApp.swift in Sources */ = {isa = PBXBuildFile; fileRef = A20000001000000000000001 /* MyDiffApp.swift */; };
		A10000001000000000000002 /* ContentView.swift in Sources */ = {isa = PBXBuildFile; fileRef = A20000001000000000000002 /* ContentView.swift */; };
		A10000001000000000000003 /* DiffPaneView.swift in Sources */ = {isa = PBXBuildFile; fileRef = A20000001000000000000003 /* DiffPaneView.swift */; };
		A10000001000000000000004 /* DiffResultView.swift in Sources */ = {isa = PBXBuildFile; fileRef = A20000001000000000000004 /* DiffResultView.swift */; };
		A10000001000000000000005 /* DiffLine.swift in Sources */ = {isa = PBXBuildFile; fileRef = A20000001000000000000005 /* DiffLine.swift */; };
		A10000001000000000000006 /* DiffResult.swift in Sources */ = {isa = PBXBuildFile; fileRef = A20000001000000000000006 /* DiffResult.swift */; };
		A10000001000000000000007 /* JSONFormatter.swift in Sources */ = {isa = PBXBuildFile; fileRef = A20000001000000000000007 /* JSONFormatter.swift */; };
		A10000001000000000000008 /* DiffEngine.swift in Sources */ = {isa = PBXBuildFile; fileRef = A20000001000000000000008 /* DiffEngine.swift */; };
		A10000001000000000000009 /* CharacterDiff.swift in Sources */ = {isa = PBXBuildFile; fileRef = A20000001000000000000009 /* CharacterDiff.swift */; };
		A10000001000000000000010 /* CharacterDiffEngine.swift in Sources */ = {isa = PBXBuildFile; fileRef = A20000001000000000000010 /* CharacterDiffEngine.swift */; };
		A10000001000000000000011 /* JSONSyntaxHighlighter.swift in Sources */ = {isa = PBXBuildFile; fileRef = A20000001000000000000011 /* JSONSyntaxHighlighter.swift */; };
		A10000001000000000000012 /* DetailedDiffPaneView.swift in Sources */ = {isa = PBXBuildFile; fileRef = A20000001000000000000012 /* DetailedDiffPaneView.swift */; };
		A10000001000000000000013 /* DetailedDiffResultView.swift in Sources */ = {isa = PBXBuildFile; fileRef = A20000001000000000000013 /* DetailedDiffResultView.swift */; };
		A10000001000000000000014 /* AppTheme.swift in Sources */ = {isa = PBXBuildFile; fileRef = A20000001000000000000014 /* AppTheme.swift */; };
		A10000001000000000000015 /* JSONTextEditor.swift in Sources */ = {isa = PBXBuildFile; fileRef = A20000001000000000000015 /* JSONTextEditor.swift */; };
		A10000001000000000000016 /* FontSettings.swift in Sources */ = {isa = PBXBuildFile; fileRef = A20000001000000000000016 /* FontSettings.swift */; };
		A10000001000000000000017 /* DiffSummary.swift in Sources */ = {isa = PBXBuildFile; fileRef = A20000001000000000000017 /* DiffSummary.swift */; };
		A10000001000000000000018 /* DiffSummaryView.swift in Sources */ = {isa = PBXBuildFile; fileRef = A20000001000000000000018 /* DiffSummaryView.swift */; };
		A10000001000000000000019 /* Assets.xcassets in Resources */ = {isa = PBXBuildFile; fileRef = A20000001000000000000019 /* Assets.xcassets */; };
/* End PBXBuildFile section */

/* Begin PBXFileReference section */
		A30000001000000000000001 /* MyDiffApp.app */ = {isa = PBXFileReference; explicitFileType = wrapper.application; includeInIndex = 0; path = MyDiffApp.app; sourceTree = BUILT_PRODUCTS_DIR; };
		A20000001000000000000001 /* MyDiffApp.swift */ = {isa = PBXFileReference; lastKnownFileType = sourcecode.swift; path = MyDiffApp.swift; sourceTree = "<group>"; };
		A20000001000000000000002 /* ContentView.swift */ = {isa = PBXFileReference; lastKnownFileType = sourcecode.swift; path = ContentView.swift; sourceTree = "<group>"; };
		A20000001000000000000003 /* DiffPaneView.swift */ = {isa = PBXFileReference; lastKnownFileType = sourcecode.swift; path = DiffPaneView.swift; sourceTree = "<group>"; };
		A20000001000000000000004 /* DiffResultView.swift */ = {isa = PBXFileReference; lastKnownFileType = sourcecode.swift; path = DiffResultView.swift; sourceTree = "<group>"; };
		A20000001000000000000005 /* DiffLine.swift */ = {isa = PBXFileReference; lastKnownFileType = sourcecode.swift; path = DiffLine.swift; sourceTree = "<group>"; };
		A20000001000000000000006 /* DiffResult.swift */ = {isa = PBXFileReference; lastKnownFileType = sourcecode.swift; path = DiffResult.swift; sourceTree = "<group>"; };
		A20000001000000000000007 /* JSONFormatter.swift */ = {isa = PBXFileReference; lastKnownFileType = sourcecode.swift; path = JSONFormatter.swift; sourceTree = "<group>"; };
		A20000001000000000000008 /* DiffEngine.swift */ = {isa = PBXFileReference; lastKnownFileType = sourcecode.swift; path = DiffEngine.swift; sourceTree = "<group>"; };
		A20000001000000000000009 /* CharacterDiff.swift */ = {isa = PBXFileReference; lastKnownFileType = sourcecode.swift; path = CharacterDiff.swift; sourceTree = "<group>"; };
		A20000001000000000000010 /* CharacterDiffEngine.swift */ = {isa = PBXFileReference; lastKnownFileType = sourcecode.swift; path = CharacterDiffEngine.swift; sourceTree = "<group>"; };
		A20000001000000000000011 /* JSONSyntaxHighlighter.swift */ = {isa = PBXFileReference; lastKnownFileType = sourcecode.swift; path = JSONSyntaxHighlighter.swift; sourceTree = "<group>"; };
		A20000001000000000000012 /* DetailedDiffPaneView.swift */ = {isa = PBXFileReference; lastKnownFileType = sourcecode.swift; path = DetailedDiffPaneView.swift; sourceTree = "<group>"; };
		A20000001000000000000013 /* DetailedDiffResultView.swift */ = {isa = PBXFileReference; lastKnownFileType = sourcecode.swift; path = DetailedDiffResultView.swift; sourceTree = "<group>"; };
		A20000001000000000000014 /* AppTheme.swift */ = {isa = PBXFileReference; lastKnownFileType = sourcecode.swift; path = AppTheme.swift; sourceTree = "<group>"; };
		A20000001000000000000015 /* JSONTextEditor.swift */ = {isa = PBXFileReference; lastKnownFileType = sourcecode.swift; path = JSONTextEditor.swift; sourceTree = "<group>"; };
		A20000001000000000000016 /* FontSettings.swift */ = {isa = PBXFileReference; lastKnownFileType = sourcecode.swift; path = FontSettings.swift; sourceTree = "<group>"; };
		A20000001000000000000017 /* DiffSummary.swift */ = {isa = PBXFileReference; lastKnownFileType = sourcecode.swift; path = DiffSummary.swift; sourceTree = "<group>"; };
		A20000001000000000000018 /* DiffSummaryView.swift */ = {isa = PBXFileReference; lastKnownFileType = sourcecode.swift; path = DiffSummaryView.swift; sourceTree = "<group>"; };
		A20000001000000000000019 /* Assets.xcassets */ = {isa = PBXFileReference; lastKnownFileType = folder.assetcatalog; path = Assets.xcassets; sourceTree = "<group>"; };
/* End PBXFileReference section */

/* Begin PBXFrameworksBuildPhase section */
		A40000001000000000000001 /* Frameworks */ = {
			isa = PBXFrameworksBuildPhase;
			buildActionMask = 2147483647;
			files = (
			);
			runOnlyForDeploymentPostprocessing = 0;
		};
/* End PBXFrameworksBuildPhase section */

/* Begin PBXGroup section */
		A50000001000000000000001 = {
			isa = PBXGroup;
			children = (
				A50000001000000000000002 /* MyDiffApp */,
				A50000001000000000000003 /* Products */,
			);
			sourceTree = "<group>";
		};
		A50000001000000000000002 /* MyDiffApp */ = {
			isa = PBXGroup;
			children = (
				A20000001000000000000001 /* MyDiffApp.swift */,
				A20000001000000000000019 /* Assets.xcassets */,
				A50000001000000000000004 /* Views */,
				A50000001000000000000005 /* Models */,
				A50000001000000000000006 /* Services */,
				A50000001000000000000007 /* Utilities */,
			);
			path = MyDiffApp;
			sourceTree = "<group>";
		};
		A50000001000000000000003 /* Products */ = {
			isa = PBXGroup;
			children = (
				A30000001000000000000001 /* MyDiffApp.app */,
			);
			name = Products;
			sourceTree = "<group>";
		};
		A50000001000000000000004 /* Views */ = {
			isa = PBXGroup;
			children = (
				A20000001000000000000002 /* ContentView.swift */,
				A20000001000000000000003 /* DiffPaneView.swift */,
				A20000001000000000000004 /* DiffResultView.swift */,
				A20000001000000000000012 /* DetailedDiffPaneView.swift */,
				A20000001000000000000013 /* DetailedDiffResultView.swift */,
				A20000001000000000000015 /* JSONTextEditor.swift */,
				A20000001000000000000018 /* DiffSummaryView.swift */,
			);
			path = Views;
			sourceTree = "<group>";
		};
		A50000001000000000000005 /* Models */ = {
			isa = PBXGroup;
			children = (
				A20000001000000000000005 /* DiffLine.swift */,
				A20000001000000000000006 /* DiffResult.swift */,
				A20000001000000000000009 /* CharacterDiff.swift */,
				A20000001000000000000017 /* DiffSummary.swift */,
			);
			path = Models;
			sourceTree = "<group>";
		};
		A50000001000000000000006 /* Services */ = {
			isa = PBXGroup;
			children = (
				A20000001000000000000007 /* JSONFormatter.swift */,
				A20000001000000000000008 /* DiffEngine.swift */,
				A20000001000000000000010 /* CharacterDiffEngine.swift */,
				A20000001000000000000011 /* JSONSyntaxHighlighter.swift */,
			);
			path = Services;
			sourceTree = "<group>";
		};
		A50000001000000000000007 /* Utilities */ = {
			isa = PBXGroup;
			children = (
				A20000001000000000000014 /* AppTheme.swift */,
				A20000001000000000000016 /* FontSettings.swift */,
			);
			path = Utilities;
			sourceTree = "<group>";
		};
/* End PBXGroup section */

/* Begin PBXNativeTarget section */
		A60000001000000000000001 /* MyDiffApp */ = {
			isa = PBXNativeTarget;
			buildConfigurationList = A70000001000000000000001 /* Build configuration list for PBXNativeTarget "MyDiffApp" */;
			buildPhases = (
				A80000001000000000000001 /* Sources */,
				A40000001000000000000001 /* Frameworks */,
				A90000001000000000000001 /* Resources */,
			);
			buildRules = (
			);
			dependencies = (
			);
			name = MyDiffApp;
			productName = MyDiffApp;
			productReference = A30000001000000000000001 /* MyDiffApp.app */;
			productType = "com.apple.product-type.application";
		};
/* End PBXNativeTarget section */

/* Begin PBXProject section */
		AB0000001000000000000001 /* Project object */ = {
			isa = PBXProject;
			attributes = {
				BuildIndependentTargetsInParallel = 1;
				LastSwiftUpdateCheck = 1500;
				LastUpgradeCheck = 1500;
				TargetAttributes = {
					A60000001000000000000001 = {
						CreatedOnToolsVersion = 15.0;
					};
				};
			};
			buildConfigurationList = AC0000001000000000000001 /* Build configuration list for PBXProject "MyDiffApp" */;
			compatibilityVersion = "Xcode 14.0";
			developmentRegion = en;
			hasScannedForEncodings = 0;
			knownRegions = (
				en,
				Base,
			);
			mainGroup = A50000001000000000000001;
			productRefGroup = A50000001000000000000003 /* Products */;
			projectDirPath = "";
			projectRoot = "";
			targets = (
				A60000001000000000000001 /* MyDiffApp */,
			);
		};
/* End PBXProject section */

/* Begin PBXResourcesBuildPhase section */
		A90000001000000000000001 /* Resources */ = {
			isa = PBXResourcesBuildPhase;
			buildActionMask = 2147483647;
			files = (
				A10000001000000000000019 /* Assets.xcassets in Resources */,
			);
			runOnlyForDeploymentPostprocessing = 0;
		};
/* End PBXResourcesBuildPhase section */

/* Begin PBXSourcesBuildPhase section */
		A80000001000000000000001 /* Sources */ = {
			isa = PBXSourcesBuildPhase;
			buildActionMask = 2147483647;
			files = (
				A10000001000000000000001 /* MyDiffApp.swift in Sources */,
				A10000001000000000000002 /* ContentView.swift in Sources */,
				A10000001000000000000003 /* DiffPaneView.swift in Sources */,
				A10000001000000000000004 /* DiffResultView.swift in Sources */,
				A10000001000000000000005 /* DiffLine.swift in Sources */,
				A10000001000000000000006 /* DiffResult.swift in Sources */,
				A10000001000000000000007 /* JSONFormatter.swift in Sources */,
				A10000001000000000000008 /* DiffEngine.swift in Sources */,
				A10000001000000000000009 /* CharacterDiff.swift in Sources */,
				A10000001000000000000010 /* CharacterDiffEngine.swift in Sources */,
				A10000001000000000000011 /* JSONSyntaxHighlighter.swift in Sources */,
				A10000001000000000000012 /* DetailedDiffPaneView.swift in Sources */,
				A10000001000000000000013 /* DetailedDiffResultView.swift in Sources */,
				A10000001000000000000014 /* AppTheme.swift in Sources */,
				A10000001000000000000015 /* JSONTextEditor.swift in Sources */,
				A10000001000000000000016 /* FontSettings.swift in Sources */,
				A10000001000000000000017 /* DiffSummary.swift in Sources */,
				A10000001000000000000018 /* DiffSummaryView.swift in Sources */,
			);
			runOnlyForDeploymentPostprocessing = 0;
		};
/* End PBXSourcesBuildPhase section */

/* Begin XCBuildConfiguration section */
		AD0000001000000000000001 /* Debug */ = {
			isa = XCBuildConfiguration;
			buildSettings = {
				ALWAYS_SEARCH_USER_PATHS = NO;
				ASSETCATALOG_COMPILER_GENERATE_SWIFT_ASSET_SYMBOL_EXTENSIONS = YES;
				CLANG_ANALYZER_NONNULL = YES;
				CLANG_ANALYZER_NUMBER_OBJECT_CONVERSION = YES_AGGRESSIVE;
				CLANG_CXX_LANGUAGE_STANDARD = "gnu++20";
				CLANG_ENABLE_MODULES = YES;
				CLANG_ENABLE_OBJC_ARC = YES;
				CLANG_ENABLE_OBJC_WEAK = YES;
				CLANG_WARN_BLOCK_CAPTURE_AUTORELEASING = YES;
				CLANG_WARN_BOOL_CONVERSION = YES;
				CLANG_WARN_COMMA = YES;
				CLANG_WARN_CONSTANT_CONVERSION = YES;
				CLANG_WARN_DEPRECATED_OBJC_IMPLEMENTATIONS = YES;
				CLANG_WARN_DIRECT_OBJC_ISA_USAGE = YES_ERROR;
				CLANG_WARN_DOCUMENTATION_COMMENTS = YES;
				CLANG_WARN_EMPTY_BODY = YES;
				CLANG_WARN_ENUM_CONVERSION = YES;
				CLANG_WARN_INFINITE_RECURSION = YES;
				CLANG_WARN_INT_CONVERSION = YES;
				CLANG_WARN_NON_LITERAL_NULL_CONVERSION = YES;
				CLANG_WARN_OBJC_IMPLICIT_RETAIN_SELF = YES;
				CLANG_WARN_OBJC_LITERAL_CONVERSION = YES;
				CLANG_WARN_OBJC_ROOT_CLASS = YES_ERROR;
				CLANG_WARN_QUOTED_INCLUDE_IN_FRAMEWORK_HEADER = YES;
				CLANG_WARN_RANGE_LOOP_ANALYSIS = YES;
				CLANG_WARN_STRICT_PROTOTYPES = YES;
				CLANG_WARN_SUSPICIOUS_MOVE = YES;
				CLANG_WARN_UNGUARDED_AVAILABILITY = YES_AGGRESSIVE;
				CLANG_WARN_UNREACHABLE_CODE = YES;
				CLANG_WARN__DUPLICATE_METHOD_MATCH = YES;
				COPY_PHASE_STRIP = NO;
				DEBUG_INFORMATION_FORMAT = dwarf;
				ENABLE_STRICT_OBJC_MSGSEND = YES;
				ENABLE_TESTABILITY = YES;
				ENABLE_USER_SCRIPT_SANDBOXING = YES;
				GCC_C_LANGUAGE_STANDARD = gnu17;
				GCC_DYNAMIC_NO_PIC = NO;
				GCC_NO_COMMON_BLOCKS = YES;
				GCC_OPTIMIZATION_LEVEL = 0;
				GCC_PREPROCESSOR_DEFINITIONS = (
					"DEBUG=1",
					"$(inherited)",
				);
				GCC_WARN_64_TO_32_BIT_CONVERSION = YES;
				GCC_WARN_ABOUT_RETURN_TYPE = YES_ERROR;
				GCC_WARN_UNDECLARED_SELECTOR = YES;
				GCC_WARN_UNINITIALIZED_AUTOS = YES_AGGRESSIVE;
				GCC_WARN_UNUSED_FUNCTION = YES;
				GCC_WARN_UNUSED_VARIABLE = YES;
				LOCALIZATION_PREFERS_STRING_CATALOGS = YES;
				MACOSX_DEPLOYMENT_TARGET = 13.0;
				MTL_ENABLE_DEBUG_INFO = INCLUDE_SOURCE;
				MTL_FAST_MATH = YES;
				ONLY_ACTIVE_ARCH = YES;
				SDKROOT = macosx;
				SWIFT_ACTIVE_COMPILATION_CONDITIONS = "DEBUG $(inherited)";
				SWIFT_OPTIMIZATION_LEVEL = "-Onone";
			};
			name = Debug;
		};
		AD0000001000000000000002 /* Release */ = {
			isa = XCBuildConfiguration;
			buildSettings = {
				ALWAYS_SEARCH_USER_PATHS = NO;
				ASSETCATALOG_COMPILER_GENERATE_SWIFT_ASSET_SYMBOL_EXTENSIONS = YES;
				CLANG_ANALYZER_NONNULL = YES;
				CLANG_ANALYZER_NUMBER_OBJECT_CONVERSION = YES_AGGRESSIVE;
				CLANG_CXX_LANGUAGE_STANDARD = "gnu++20";
				CLANG_ENABLE_MODULES = YES;
				CLANG_ENABLE_OBJC_ARC = YES;
				CLANG_ENABLE_OBJC_WEAK = YES;
				CLANG_WARN_BLOCK_CAPTURE_AUTORELEASING = YES;
				CLANG_WARN_BOOL_CONVERSION = YES;
				CLANG_WARN_COMMA = YES;
				CLANG_WARN_CONSTANT_CONVERSION = YES;
				CLANG_WARN_DEPRECATED_OBJC_IMPLEMENTATIONS = YES;
				CLANG_WARN_DIRECT_OBJC_ISA_USAGE = YES_ERROR;
				CLANG_WARN_DOCUMENTATION_COMMENTS = YES;
				CLANG_WARN_EMPTY_BODY = YES;
				CLANG_WARN_ENUM_CONVERSION = YES;
				CLANG_WARN_INFINITE_RECURSION = YES;
				CLANG_WARN_INT_CONVERSION = YES;
				CLANG_WARN_NON_LITERAL_NULL_CONVERSION = YES;
				CLANG_WARN_OBJC_IMPLICIT_RETAIN_SELF = YES;
				CLANG_WARN_OBJC_LITERAL_CONVERSION = YES;
				CLANG_WARN_OBJC_ROOT_CLASS = YES_ERROR;
				CLANG_WARN_QUOTED_INCLUDE_IN_FRAMEWORK_HEADER = YES;
				CLANG_WARN_RANGE_LOOP_ANALYSIS = YES;
				CLANG_WARN_STRICT_PROTOTYPES = YES;
				CLANG_WARN_SUSPICIOUS_MOVE = YES;
				CLANG_WARN_UNGUARDED_AVAILABILITY = YES_AGGRESSIVE;
				CLANG_WARN_UNREACHABLE_CODE = YES;
				CLANG_WARN__DUPLICATE_METHOD_MATCH = YES;
				COPY_PHASE_STRIP = NO;
				DEBUG_INFORMATION_FORMAT = "dwarf-with-dsym";
				ENABLE_NS_ASSERTIONS = NO;
				ENABLE_STRICT_OBJC_MSGSEND = YES;
				ENABLE_USER_SCRIPT_SANDBOXING = YES;
				GCC_C_LANGUAGE_STANDARD = gnu17;
				GCC_NO_COMMON_BLOCKS = YES;
				GCC_WARN_64_TO_32_BIT_CONVERSION = YES;
				GCC_WARN_ABOUT_RETURN_TYPE = YES_ERROR;
				GCC_WARN_UNDECLARED_SELECTOR = YES;
				GCC_WARN_UNINITIALIZED_AUTOS = YES_AGGRESSIVE;
				GCC_WARN_UNUSED_FUNCTION = YES;
				GCC_WARN_UNUSED_VARIABLE = YES;
				LOCALIZATION_PREFERS_STRING_CATALOGS = YES;
				MACOSX_DEPLOYMENT_TARGET = 13.0;
				MTL_ENABLE_DEBUG_INFO = NO;
				MTL_FAST_MATH = YES;
				SDKROOT = macosx;
				SWIFT_COMPILATION_MODE = wholemodule;
			};
			name = Release;
		};
		AE0000001000000000000001 /* Debug */ = {
			isa = XCBuildConfiguration;
			buildSettings = {
				ASSETCATALOG_COMPILER_APPICON_NAME = AppIcon;
				ASSETCATALOG_COMPILER_GLOBAL_ACCENT_COLOR_NAME = AccentColor;
				CODE_SIGN_ENTITLEMENTS = "";
				CODE_SIGN_STYLE = Automatic;
				COMBINE_HIDPI_IMAGES = YES;
				CURRENT_PROJECT_VERSION = 1;
				DEVELOPMENT_TEAM = "";
				ENABLE_HARDENED_RUNTIME = YES;
				ENABLE_PREVIEWS = YES;
				GENERATE_INFOPLIST_FILE = YES;
				INFOPLIST_KEY_LSApplicationCategoryType = "public.app-category.developer-tools";
				INFOPLIST_KEY_NSHumanReadableCopyright = "";
				LD_RUNPATH_SEARCH_PATHS = (
					"$(inherited)",
					"@executable_path/../Frameworks",
				);
				MARKETING_VERSION = 1.0;
				PRODUCT_BUNDLE_IDENTIFIER = com.mydiffapp.MyDiffApp;
				PRODUCT_NAME = "$(TARGET_NAME)";
				SWIFT_EMIT_LOC_STRINGS = YES;
				SWIFT_VERSION = 5.0;
			};
			name = Debug;
		};
		AE0000001000000000000002 /* Release */ = {
			isa = XCBuildConfiguration;
			buildSettings = {
				ASSETCATALOG_COMPILER_APPICON_NAME = AppIcon;
				ASSETCATALOG_COMPILER_GLOBAL_ACCENT_COLOR_NAME = AccentColor;
				CODE_SIGN_ENTITLEMENTS = "";
				CODE_SIGN_STYLE = Automatic;
				COMBINE_HIDPI_IMAGES = YES;
				CURRENT_PROJECT_VERSION = 1;
				DEVELOPMENT_TEAM = "";
				ENABLE_HARDENED_RUNTIME = YES;
				ENABLE_PREVIEWS = YES;
				GENERATE_INFOPLIST_FILE = YES;
				INFOPLIST_KEY_LSApplicationCategoryType = "public.app-category.developer-tools";
				INFOPLIST_KEY_NSHumanReadableCopyright = "";
				LD_RUNPATH_SEARCH_PATHS = (
					"$(inherited)",
					"@executable_path/../Frameworks",
				);
				MARKETING_VERSION = 1.0;
				PRODUCT_BUNDLE_IDENTIFIER = com.mydiffapp.MyDiffApp;
				PRODUCT_NAME = "$(TARGET_NAME)";
				SWIFT_EMIT_LOC_STRINGS = YES;
				SWIFT_VERSION = 5.0;
			};
			name = Release;
		};
/* End XCBuildConfiguration section */

/* Begin XCConfigurationList section */
		AC0000001000000000000001 /* Build configuration list for PBXProject "MyDiffApp" */ = {
			isa = XCConfigurationList;
			buildConfigurations = (
				AD0000001000000000000001 /* Debug */,
				AD0000001000000000000002 /* Release */,
			);
			defaultConfigurationIsVisible = 0;
			defaultConfigurationName = Release;
		};
		A70000001000000000000001 /* Build configuration list for PBXNativeTarget "MyDiffApp" */ = {
			isa = XCConfigurationList;
			buildConfigurations = (
				AE0000001000000000000001 /* Debug */,
				AE0000001000000000000002 /* Release */,
			);
			defaultConfigurationIsVisible = 0;
			defaultConfigurationName = Release;
		};
/* End XCConfigurationList section */
	};
	rootObject = AB0000001000000000000001 /* Project object */;
}
